// !$*UTF8*$!
{
	archiveVersion = 1;
	classes = {
	};
	objectVersion = 50;
	objects = {

/* Begin PBXBuildFile section */
		AA2E15FD2170F59C00E78A1C /* MarbleCollectionViewLayout.swift in Sources */ = {isa = PBXBuildFile; fileRef = AA2E15FC2170F59C00E78A1C /* MarbleCollectionViewLayout.swift */; };
		AA2E15FF217107B900E78A1C /* MarbleCollectionViewCell.swift in Sources */ = {isa = PBXBuildFile; fileRef = AA2E15FE217107B900E78A1C /* MarbleCollectionViewCell.swift */; };
		AA2E160F21714D4C00E78A1C /* MarbleSolitaireModelImpl.swift in Sources */ = {isa = PBXBuildFile; fileRef = AA2E160D21714D4C00E78A1C /* MarbleSolitaireModelImpl.swift */; };
		AA2E161021714D4C00E78A1C /* MarbleSolitaireModel.swift in Sources */ = {isa = PBXBuildFile; fileRef = AA2E160E21714D4C00E78A1C /* MarbleSolitaireModel.swift */; };
		AA504779216EA57C00972AD3 /* AppDelegate.swift in Sources */ = {isa = PBXBuildFile; fileRef = AA504778216EA57C00972AD3 /* AppDelegate.swift */; };
		AA50477E216EA57C00972AD3 /* Main.storyboard in Resources */ = {isa = PBXBuildFile; fileRef = AA50477C216EA57C00972AD3 /* Main.storyboard */; };
		AA504780216EA57F00972AD3 /* Assets.xcassets in Resources */ = {isa = PBXBuildFile; fileRef = AA50477F216EA57F00972AD3 /* Assets.xcassets */; };
		AA504783216EA57F00972AD3 /* LaunchScreen.storyboard in Resources */ = {isa = PBXBuildFile; fileRef = AA504781216EA57F00972AD3 /* LaunchScreen.storyboard */; };
		AA50478E216EA57F00972AD3 /* MarbleSolitaireTests.swift in Sources */ = {isa = PBXBuildFile; fileRef = AA50478D216EA57F00972AD3 /* MarbleSolitaireTests.swift */; };
		AA504799216EA57F00972AD3 /* MarbleSolitaireUITests.swift in Sources */ = {isa = PBXBuildFile; fileRef = AA504798216EA57F00972AD3 /* MarbleSolitaireUITests.swift */; };
		AA5047AD216EDC0600972AD3 /* MarblesCollectionViewController.swift in Sources */ = {isa = PBXBuildFile; fileRef = AA5047AC216EDC0600972AD3 /* MarblesCollectionViewController.swift */; };
		AA5047AF216EEFE900972AD3 /* MarbleView.swift in Sources */ = {isa = PBXBuildFile; fileRef = AA5047AE216EEFE900972AD3 /* MarbleView.swift */; };
/* End PBXBuildFile section */

/* Begin PBXContainerItemProxy section */
		AA50478A216EA57F00972AD3 /* PBXContainerItemProxy */ = {
			isa = PBXContainerItemProxy;
			containerPortal = AA50476D216EA57C00972AD3 /* Project object */;
			proxyType = 1;
			remoteGlobalIDString = AA504774216EA57C00972AD3;
			remoteInfo = MarbleSolitaire;
		};
		AA504795216EA57F00972AD3 /* PBXContainerItemProxy */ = {
			isa = PBXContainerItemProxy;
			containerPortal = AA50476D216EA57C00972AD3 /* Project object */;
			proxyType = 1;
			remoteGlobalIDString = AA504774216EA57C00972AD3;
			remoteInfo = MarbleSolitaire;
		};
/* End PBXContainerItemProxy section */

/* Begin PBXFileReference section */
		AA2E15FC2170F59C00E78A1C /* MarbleCollectionViewLayout.swift */ = {isa = PBXFileReference; lastKnownFileType = sourcecode.swift; path = MarbleCollectionViewLayout.swift; sourceTree = "<group>"; };
		AA2E15FE217107B900E78A1C /* MarbleCollectionViewCell.swift */ = {isa = PBXFileReference; lastKnownFileType = sourcecode.swift; path = MarbleCollectionViewCell.swift; sourceTree = "<group>"; };
		AA2E160D21714D4C00E78A1C /* MarbleSolitaireModelImpl.swift */ = {isa = PBXFileReference; fileEncoding = 4; lastKnownFileType = sourcecode.swift; path = MarbleSolitaireModelImpl.swift; sourceTree = "<group>"; };
		AA2E160E21714D4C00E78A1C /* MarbleSolitaireModel.swift */ = {isa = PBXFileReference; fileEncoding = 4; lastKnownFileType = sourcecode.swift; path = MarbleSolitaireModel.swift; sourceTree = "<group>"; };
		AA504775216EA57C00972AD3 /* MarbleSolitaire.app */ = {isa = PBXFileReference; explicitFileType = wrapper.application; includeInIndex = 0; path = MarbleSolitaire.app; sourceTree = BUILT_PRODUCTS_DIR; };
		AA504778216EA57C00972AD3 /* AppDelegate.swift */ = {isa = PBXFileReference; lastKnownFileType = sourcecode.swift; path = AppDelegate.swift; sourceTree = "<group>"; };
		AA50477D216EA57C00972AD3 /* Base */ = {isa = PBXFileReference; lastKnownFileType = file.storyboard; name = Base; path = Base.lproj/Main.storyboard; sourceTree = "<group>"; };
		AA50477F216EA57F00972AD3 /* Assets.xcassets */ = {isa = PBXFileReference; lastKnownFileType = folder.assetcatalog; path = Assets.xcassets; sourceTree = "<group>"; };
		AA504782216EA57F00972AD3 /* Base */ = {isa = PBXFileReference; lastKnownFileType = file.storyboard; name = Base; path = Base.lproj/LaunchScreen.storyboard; sourceTree = "<group>"; };
		AA504784216EA57F00972AD3 /* Info.plist */ = {isa = PBXFileReference; lastKnownFileType = text.plist.xml; path = Info.plist; sourceTree = "<group>"; };
		AA504789216EA57F00972AD3 /* MarbleSolitaireTests.xctest */ = {isa = PBXFileReference; explicitFileType = wrapper.cfbundle; includeInIndex = 0; path = MarbleSolitaireTests.xctest; sourceTree = BUILT_PRODUCTS_DIR; };
		AA50478D216EA57F00972AD3 /* MarbleSolitaireTests.swift */ = {isa = PBXFileReference; lastKnownFileType = sourcecode.swift; path = MarbleSolitaireTests.swift; sourceTree = "<group>"; };
		AA50478F216EA57F00972AD3 /* Info.plist */ = {isa = PBXFileReference; lastKnownFileType = text.plist.xml; path = Info.plist; sourceTree = "<group>"; };
		AA504794216EA57F00972AD3 /* MarbleSolitaireUITests.xctest */ = {isa = PBXFileReference; explicitFileType = wrapper.cfbundle; includeInIndex = 0; path = MarbleSolitaireUITests.xctest; sourceTree = BUILT_PRODUCTS_DIR; };
		AA504798216EA57F00972AD3 /* MarbleSolitaireUITests.swift */ = {isa = PBXFileReference; lastKnownFileType = sourcecode.swift; path = MarbleSolitaireUITests.swift; sourceTree = "<group>"; };
		AA50479A216EA57F00972AD3 /* Info.plist */ = {isa = PBXFileReference; lastKnownFileType = text.plist.xml; path = Info.plist; sourceTree = "<group>"; };
		AA5047AC216EDC0600972AD3 /* MarblesCollectionViewController.swift */ = {isa = PBXFileReference; lastKnownFileType = sourcecode.swift; path = MarblesCollectionViewController.swift; sourceTree = "<group>"; };
		AA5047AE216EEFE900972AD3 /* MarbleView.swift */ = {isa = PBXFileReference; lastKnownFileType = sourcecode.swift; path = MarbleView.swift; sourceTree = "<group>"; };
/* End PBXFileReference section */

/* Begin PBXFrameworksBuildPhase section */
		AA504772216EA57C00972AD3 /* Frameworks */ = {
			isa = PBXFrameworksBuildPhase;
			buildActionMask = 2147483647;
			files = (
			);
			runOnlyForDeploymentPostprocessing = 0;
		};
		AA504786216EA57F00972AD3 /* Frameworks */ = {
			isa = PBXFrameworksBuildPhase;
			buildActionMask = 2147483647;
			files = (
			);
			runOnlyForDeploymentPostprocessing = 0;
		};
		AA504791216EA57F00972AD3 /* Frameworks */ = {
			isa = PBXFrameworksBuildPhase;
			buildActionMask = 2147483647;
			files = (
			);
			runOnlyForDeploymentPostprocessing = 0;
		};
/* End PBXFrameworksBuildPhase section */

/* Begin PBXGroup section */
		AA2E16042171251200E78A1C /* Controllers */ = {
			isa = PBXGroup;
			children = (
				AA5047AC216EDC0600972AD3 /* MarblesCollectionViewController.swift */,
			);
			path = Controllers;
			sourceTree = "<group>";
		};
		AA2E16052171251F00E78A1C /* Layout */ = {
			isa = PBXGroup;
			children = (
				AA2E15FC2170F59C00E78A1C /* MarbleCollectionViewLayout.swift */,
			);
			path = Layout;
			sourceTree = "<group>";
		};
		AA2E16062171252500E78A1C /* Model */ = {
			isa = PBXGroup;
			children = (
				AA2E160E21714D4C00E78A1C /* MarbleSolitaireModel.swift */,
				AA2E160D21714D4C00E78A1C /* MarbleSolitaireModelImpl.swift */,
			);
			path = Model;
			sourceTree = "<group>";
		};
		AA2E16072171252900E78A1C /* View */ = {
			isa = PBXGroup;
			children = (
				AA2E15FE217107B900E78A1C /* MarbleCollectionViewCell.swift */,
				AA5047AE216EEFE900972AD3 /* MarbleView.swift */,
			);
			path = View;
			sourceTree = "<group>";
		};
		AA2E16082171253800E78A1C /* Support */ = {
			isa = PBXGroup;
			children = (
				AA504778216EA57C00972AD3 /* AppDelegate.swift */,
				AA50477F216EA57F00972AD3 /* Assets.xcassets */,
				AA504781216EA57F00972AD3 /* LaunchScreen.storyboard */,
			);
			path = Support;
			sourceTree = "<group>";
		};
		AA50476C216EA57C00972AD3 = {
			isa = PBXGroup;
			children = (
				AA504777216EA57C00972AD3 /* MarbleSolitaire */,
				AA50478C216EA57F00972AD3 /* MarbleSolitaireTests */,
				AA504797216EA57F00972AD3 /* MarbleSolitaireUITests */,
				AA504776216EA57C00972AD3 /* Products */,
			);
			sourceTree = "<group>";
		};
		AA504776216EA57C00972AD3 /* Products */ = {
			isa = PBXGroup;
			children = (
				AA504775216EA57C00972AD3 /* MarbleSolitaire.app */,
				AA504789216EA57F00972AD3 /* MarbleSolitaireTests.xctest */,
				AA504794216EA57F00972AD3 /* MarbleSolitaireUITests.xctest */,
			);
			name = Products;
			sourceTree = "<group>";
		};
		AA504777216EA57C00972AD3 /* MarbleSolitaire */ = {
			isa = PBXGroup;
			children = (
				AA2E16082171253800E78A1C /* Support */,
				AA2E16072171252900E78A1C /* View */,
				AA2E16062171252500E78A1C /* Model */,
				AA2E16052171251F00E78A1C /* Layout */,
				AA2E16042171251200E78A1C /* Controllers */,
				AA504784216EA57F00972AD3 /* Info.plist */,
				AA50477C216EA57C00972AD3 /* Main.storyboard */,
			);
			path = MarbleSolitaire;
			sourceTree = "<group>";
		};
		AA50478C216EA57F00972AD3 /* MarbleSolitaireTests */ = {
			isa = PBXGroup;
			children = (
				AA50478D216EA57F00972AD3 /* MarbleSolitaireTests.swift */,
				AA50478F216EA57F00972AD3 /* Info.plist */,
			);
			path = MarbleSolitaireTests;
			sourceTree = "<group>";
		};
		AA504797216EA57F00972AD3 /* MarbleSolitaireUITests */ = {
			isa = PBXGroup;
			children = (
				AA504798216EA57F00972AD3 /* MarbleSolitaireUITests.swift */,
				AA50479A216EA57F00972AD3 /* Info.plist */,
			);
			path = MarbleSolitaireUITests;
			sourceTree = "<group>";
		};
/* End PBXGroup section */

/* Begin PBXNativeTarget section */
		AA504774216EA57C00972AD3 /* MarbleSolitaire */ = {
			isa = PBXNativeTarget;
			buildConfigurationList = AA50479D216EA57F00972AD3 /* Build configuration list for PBXNativeTarget "MarbleSolitaire" */;
			buildPhases = (
				AA504771216EA57C00972AD3 /* Sources */,
				AA504772216EA57C00972AD3 /* Frameworks */,
				AA504773216EA57C00972AD3 /* Resources */,
			);
			buildRules = (
			);
			dependencies = (
			);
			name = MarbleSolitaire;
			productName = MarbleSolitaire;
			productReference = AA504775216EA57C00972AD3 /* MarbleSolitaire.app */;
			productType = "com.apple.product-type.application";
		};
		AA504788216EA57F00972AD3 /* MarbleSolitaireTests */ = {
			isa = PBXNativeTarget;
			buildConfigurationList = AA5047A0216EA57F00972AD3 /* Build configuration list for PBXNativeTarget "MarbleSolitaireTests" */;
			buildPhases = (
				AA504785216EA57F00972AD3 /* Sources */,
				AA504786216EA57F00972AD3 /* Frameworks */,
				AA504787216EA57F00972AD3 /* Resources */,
			);
			buildRules = (
			);
			dependencies = (
				AA50478B216EA57F00972AD3 /* PBXTargetDependency */,
			);
			name = MarbleSolitaireTests;
			productName = MarbleSolitaireTests;
			productReference = AA504789216EA57F00972AD3 /* MarbleSolitaireTests.xctest */;
			productType = "com.apple.product-type.bundle.unit-test";
		};
		AA504793216EA57F00972AD3 /* MarbleSolitaireUITests */ = {
			isa = PBXNativeTarget;
			buildConfigurationList = AA5047A3216EA57F00972AD3 /* Build configuration list for PBXNativeTarget "MarbleSolitaireUITests" */;
			buildPhases = (
				AA504790216EA57F00972AD3 /* Sources */,
				AA504791216EA57F00972AD3 /* Frameworks */,
				AA504792216EA57F00972AD3 /* Resources */,
			);
			buildRules = (
			);
			dependencies = (
				AA504796216EA57F00972AD3 /* PBXTargetDependency */,
			);
			name = MarbleSolitaireUITests;
			productName = MarbleSolitaireUITests;
			productReference = AA504794216EA57F00972AD3 /* MarbleSolitaireUITests.xctest */;
			productType = "com.apple.product-type.bundle.ui-testing";
		};
/* End PBXNativeTarget section */

/* Begin PBXProject section */
		AA50476D216EA57C00972AD3 /* Project object */ = {
			isa = PBXProject;
			attributes = {
				LastSwiftUpdateCheck = 1000;
				LastUpgradeCheck = 1000;
				ORGANIZATIONNAME = "Raique Pereira";
				TargetAttributes = {
					AA504774216EA57C00972AD3 = {
						CreatedOnToolsVersion = 10.0;
					};
					AA504788216EA57F00972AD3 = {
						CreatedOnToolsVersion = 10.0;
						TestTargetID = AA504774216EA57C00972AD3;
					};
					AA504793216EA57F00972AD3 = {
						CreatedOnToolsVersion = 10.0;
						TestTargetID = AA504774216EA57C00972AD3;
					};
				};
			};
			buildConfigurationList = AA504770216EA57C00972AD3 /* Build configuration list for PBXProject "MarbleSolitaire" */;
			compatibilityVersion = "Xcode 9.3";
			developmentRegion = en;
			hasScannedForEncodings = 0;
			knownRegions = (
				en,
				Base,
			);
			mainGroup = AA50476C216EA57C00972AD3;
			productRefGroup = AA504776216EA57C00972AD3 /* Products */;
			projectDirPath = "";
			projectRoot = "";
			targets = (
				AA504774216EA57C00972AD3 /* MarbleSolitaire */,
				AA504788216EA57F00972AD3 /* MarbleSolitaireTests */,
				AA504793216EA57F00972AD3 /* MarbleSolitaireUITests */,
			);
		};
/* End PBXProject section */

/* Begin PBXResourcesBuildPhase section */
		AA504773216EA57C00972AD3 /* Resources */ = {
			isa = PBXResourcesBuildPhase;
			buildActionMask = 2147483647;
			files = (
				AA504783216EA57F00972AD3 /* LaunchScreen.storyboard in Resources */,
				AA504780216EA57F00972AD3 /* Assets.xcassets in Resources */,
				AA50477E216EA57C00972AD3 /* Main.storyboard in Resources */,
			);
			runOnlyForDeploymentPostprocessing = 0;
		};
		AA504787216EA57F00972AD3 /* Resources */ = {
			isa = PBXResourcesBuildPhase;
			buildActionMask = 2147483647;
			files = (
			);
			runOnlyForDeploymentPostprocessing = 0;
		};
		AA504792216EA57F00972AD3 /* Resources */ = {
			isa = PBXResourcesBuildPhase;
			buildActionMask = 2147483647;
			files = (
			);
			runOnlyForDeploymentPostprocessing = 0;
		};
/* End PBXResourcesBuildPhase section */

/* Begin PBXSourcesBuildPhase section */
		AA504771216EA57C00972AD3 /* Sources */ = {
			isa = PBXSourcesBuildPhase;
			buildActionMask = 2147483647;
			files = (
				AA504779216EA57C00972AD3 /* AppDelegate.swift in Sources */,
				AA2E160F21714D4C00E78A1C /* MarbleSolitaireModelImpl.swift in Sources */,
				AA5047AF216EEFE900972AD3 /* MarbleView.swift in Sources */,
				AA2E161021714D4C00E78A1C /* MarbleSolitaireModel.swift in Sources */,
				AA2E15FD2170F59C00E78A1C /* MarbleCollectionViewLayout.swift in Sources */,
				AA2E15FF217107B900E78A1C /* MarbleCollectionViewCell.swift in Sources */,
				AA5047AD216EDC0600972AD3 /* MarblesCollectionViewController.swift in Sources */,
			);
			runOnlyForDeploymentPostprocessing = 0;
		};
		AA504785216EA57F00972AD3 /* Sources */ = {
			isa = PBXSourcesBuildPhase;
			buildActionMask = 2147483647;
			files = (
				AA50478E216EA57F00972AD3 /* MarbleSolitaireTests.swift in Sources */,
			);
			runOnlyForDeploymentPostprocessing = 0;
		};
		AA504790216EA57F00972AD3 /* Sources */ = {
			isa = PBXSourcesBuildPhase;
			buildActionMask = 2147483647;
			files = (
				AA504799216EA57F00972AD3 /* MarbleSolitaireUITests.swift in Sources */,
			);
			runOnlyForDeploymentPostprocessing = 0;
		};
/* End PBXSourcesBuildPhase section */

/* Begin PBXTargetDependency section */
		AA50478B216EA57F00972AD3 /* PBXTargetDependency */ = {
			isa = PBXTargetDependency;
			target = AA504774216EA57C00972AD3 /* MarbleSolitaire */;
			targetProxy = AA50478A216EA57F00972AD3 /* PBXContainerItemProxy */;
		};
		AA504796216EA57F00972AD3 /* PBXTargetDependency */ = {
			isa = PBXTargetDependency;
			target = AA504774216EA57C00972AD3 /* MarbleSolitaire */;
			targetProxy = AA504795216EA57F00972AD3 /* PBXContainerItemProxy */;
		};
/* End PBXTargetDependency section */

/* Begin PBXVariantGroup section */
		AA50477C216EA57C00972AD3 /* Main.storyboard */ = {
			isa = PBXVariantGroup;
			children = (
				AA50477D216EA57C00972AD3 /* Base */,
			);
			name = Main.storyboard;
			sourceTree = "<group>";
		};
		AA504781216EA57F00972AD3 /* LaunchScreen.storyboard */ = {
			isa = PBXVariantGroup;
			children = (
				AA504782216EA57F00972AD3 /* Base */,
			);
			name = LaunchScreen.storyboard;
			sourceTree = "<group>";
		};
/* End PBXVariantGroup section */

/* Begin XCBuildConfiguration section */
		AA50479B216EA57F00972AD3 /* Debug */ = {
			isa = XCBuildConfiguration;
			buildSettings = {
				ALWAYS_SEARCH_USER_PATHS = NO;
				CLANG_ANALYZER_NONNULL = YES;
				CLANG_ANALYZER_NUMBER_OBJECT_CONVERSION = YES_AGGRESSIVE;
				CLANG_CXX_LANGUAGE_STANDARD = "gnu++14";
				CLANG_CXX_LIBRARY = "libc++";
				CLANG_ENABLE_MODULES = YES;
				CLANG_ENABLE_OBJC_ARC = YES;
				CLANG_ENABLE_OBJC_WEAK = YES;
				CLANG_WARN_BLOCK_CAPTURE_AUTORELEASING = YES;
				CLANG_WARN_BOOL_CONVERSION = YES;
				CLANG_WARN_COMMA = YES;
				CLANG_WARN_CONSTANT_CONVERSION = YES;
				CLANG_WARN_DEPRECATED_OBJC_IMPLEMENTATIONS = YES;
				CLANG_WARN_DIRECT_OBJC_ISA_USAGE = YES_ERROR;
				CLANG_WARN_DOCUMENTATION_COMMENTS = YES;
				CLANG_WARN_EMPTY_BODY = YES;
				CLANG_WARN_ENUM_CONVERSION = YES;
				CLANG_WARN_INFINITE_RECURSION = YES;
				CLANG_WARN_INT_CONVERSION = YES;
				CLANG_WARN_NON_LITERAL_NULL_CONVERSION = YES;
				CLANG_WARN_OBJC_IMPLICIT_RETAIN_SELF = YES;
				CLANG_WARN_OBJC_LITERAL_CONVERSION = YES;
				CLANG_WARN_OBJC_ROOT_CLASS = YES_ERROR;
				CLANG_WARN_RANGE_LOOP_ANALYSIS = YES;
				CLANG_WARN_STRICT_PROTOTYPES = YES;
				CLANG_WARN_SUSPICIOUS_MOVE = YES;
				CLANG_WARN_UNGUARDED_AVAILABILITY = YES_AGGRESSIVE;
				CLANG_WARN_UNREACHABLE_CODE = YES;
				CLANG_WARN__DUPLICATE_METHOD_MATCH = YES;
				CODE_SIGN_IDENTITY = "iPhone Developer";
				COPY_PHASE_STRIP = NO;
				DEBUG_INFORMATION_FORMAT = dwarf;
				ENABLE_STRICT_OBJC_MSGSEND = YES;
				ENABLE_TESTABILITY = YES;
				GCC_C_LANGUAGE_STANDARD = gnu11;
				GCC_DYNAMIC_NO_PIC = NO;
				GCC_NO_COMMON_BLOCKS = YES;
				GCC_OPTIMIZATION_LEVEL = 0;
				GCC_PREPROCESSOR_DEFINITIONS = (
					"DEBUG=1",
					"$(inherited)",
				);
				GCC_WARN_64_TO_32_BIT_CONVERSION = YES;
				GCC_WARN_ABOUT_RETURN_TYPE = YES_ERROR;
				GCC_WARN_UNDECLARED_SELECTOR = YES;
				GCC_WARN_UNINITIALIZED_AUTOS = YES_AGGRESSIVE;
				GCC_WARN_UNUSED_FUNCTION = YES;
				GCC_WARN_UNUSED_VARIABLE = YES;
				IPHONEOS_DEPLOYMENT_TARGET = 12.0;
				MTL_ENABLE_DEBUG_INFO = INCLUDE_SOURCE;
				MTL_FAST_MATH = YES;
				ONLY_ACTIVE_ARCH = YES;
				SDKROOT = iphoneos;
				SWIFT_ACTIVE_COMPILATION_CONDITIONS = DEBUG;
				SWIFT_OPTIMIZATION_LEVEL = "-Onone";
			};
			name = Debug;
		};
		AA50479C216EA57F00972AD3 /* Release */ = {
			isa = XCBuildConfiguration;
			buildSettings = {
				ALWAYS_SEARCH_USER_PATHS = NO;
				CLANG_ANALYZER_NONNULL = YES;
				CLANG_ANALYZER_NUMBER_OBJECT_CONVERSION = YES_AGGRESSIVE;
				CLANG_CXX_LANGUAGE_STANDARD = "gnu++14";
				CLANG_CXX_LIBRARY = "libc++";
				CLANG_ENABLE_MODULES = YES;
				CLANG_ENABLE_OBJC_ARC = YES;
				CLANG_ENABLE_OBJC_WEAK = YES;
				CLANG_WARN_BLOCK_CAPTURE_AUTORELEASING = YES;
				CLANG_WARN_BOOL_CONVERSION = YES;
				CLANG_WARN_COMMA = YES;
				CLANG_WARN_CONSTANT_CONVERSION = YES;
				CLANG_WARN_DEPRECATED_OBJC_IMPLEMENTATIONS = YES;
				CLANG_WARN_DIRECT_OBJC_ISA_USAGE = YES_ERROR;
				CLANG_WARN_DOCUMENTATION_COMMENTS = YES;
				CLANG_WARN_EMPTY_BODY = YES;
				CLANG_WARN_ENUM_CONVERSION = YES;
				CLANG_WARN_INFINITE_RECURSION = YES;
				CLANG_WARN_INT_CONVERSION = YES;
				CLANG_WARN_NON_LITERAL_NULL_CONVERSION = YES;
				CLANG_WARN_OBJC_IMPLICIT_RETAIN_SELF = YES;
				CLANG_WARN_OBJC_LITERAL_CONVERSION = YES;
				CLANG_WARN_OBJC_ROOT_CLASS = YES_ERROR;
				CLANG_WARN_RANGE_LOOP_ANALYSIS = YES;
				CLANG_WARN_STRICT_PROTOTYPES = YES;
				CLANG_WARN_SUSPICIOUS_MOVE = YES;
				CLANG_WARN_UNGUARDED_AVAILABILITY = YES_AGGRESSIVE;
				CLANG_WARN_UNREACHABLE_CODE = YES;
				CLANG_WARN__DUPLICATE_METHOD_MATCH = YES;
				CODE_SIGN_IDENTITY = "iPhone Developer";
				COPY_PHASE_STRIP = NO;
				DEBUG_INFORMATION_FORMAT = "dwarf-with-dsym";
				ENABLE_NS_ASSERTIONS = NO;
				ENABLE_STRICT_OBJC_MSGSEND = YES;
				GCC_C_LANGUAGE_STANDARD = gnu11;
				GCC_NO_COMMON_BLOCKS = YES;
				GCC_WARN_64_TO_32_BIT_CONVERSION = YES;
				GCC_WARN_ABOUT_RETURN_TYPE = YES_ERROR;
				GCC_WARN_UNDECLARED_SELECTOR = YES;
				GCC_WARN_UNINITIALIZED_AUTOS = YES_AGGRESSIVE;
				GCC_WARN_UNUSED_FUNCTION = YES;
				GCC_WARN_UNUSED_VARIABLE = YES;
				IPHONEOS_DEPLOYMENT_TARGET = 12.0;
				MTL_ENABLE_DEBUG_INFO = NO;
				MTL_FAST_MATH = YES;
				SDKROOT = iphoneos;
				SWIFT_COMPILATION_MODE = wholemodule;
				SWIFT_OPTIMIZATION_LEVEL = "-O";
				VALIDATE_PRODUCT = YES;
			};
			name = Release;
		};
		AA50479E216EA57F00972AD3 /* Debug */ = {
			isa = XCBuildConfiguration;
			buildSettings = {
				ASSETCATALOG_COMPILER_APPICON_NAME = AppIcon;
				CODE_SIGN_STYLE = Automatic;
				INFOPLIST_FILE = MarbleSolitaire/Info.plist;
				LD_RUNPATH_SEARCH_PATHS = (
					"$(inherited)",
					"@executable_path/Frameworks",
				);
				PRODUCT_BUNDLE_IDENTIFIER = Pereira.MarbleSolitaire;
				PRODUCT_NAME = "$(TARGET_NAME)";
				SWIFT_VERSION = 4.2;
				TARGETED_DEVICE_FAMILY = "1,2";
			};
			name = Debug;
		};
		AA50479F216EA57F00972AD3 /* Release */ = {
			isa = XCBuildConfiguration;
			buildSettings = {
				ASSETCATALOG_COMPILER_APPICON_NAME = AppIcon;
				CODE_SIGN_STYLE = Automatic;
				INFOPLIST_FILE = MarbleSolitaire/Info.plist;
				LD_RUNPATH_SEARCH_PATHS = (
					"$(inherited)",
					"@executable_path/Frameworks",
				);
				PRODUCT_BUNDLE_IDENTIFIER = Pereira.MarbleSolitaire;
				PRODUCT_NAME = "$(TARGET_NAME)";
				SWIFT_VERSION = 4.2;
				TARGETED_DEVICE_FAMILY = "1,2";
			};
			name = Release;
		};
		AA5047A1216EA57F00972AD3 /* Debug */ = {
			isa = XCBuildConfiguration;
			buildSettings = {
				ALWAYS_EMBED_SWIFT_STANDARD_LIBRARIES = YES;
				BUNDLE_LOADER = "$(TEST_HOST)";
				CODE_SIGN_STYLE = Automatic;
				INFOPLIST_FILE = MarbleSolitaireTests/Info.plist;
				LD_RUNPATH_SEARCH_PATHS = (
					"$(inherited)",
					"@executable_path/Frameworks",
					"@loader_path/Frameworks",
				);
				PRODUCT_BUNDLE_IDENTIFIER = Pereira.MarbleSolitaireTests;
				PRODUCT_NAME = "$(TARGET_NAME)";
				SWIFT_VERSION = 4.2;
				TARGETED_DEVICE_FAMILY = "1,2";
				TEST_HOST = "$(BUILT_PRODUCTS_DIR)/MarbleSolitaire.app/MarbleSolitaire";
			};
			name = Debug;
		};
		AA5047A2216EA57F00972AD3 /* Release */ = {
			isa = XCBuildConfiguration;
			buildSettings = {
				ALWAYS_EMBED_SWIFT_STANDARD_LIBRARIES = YES;
				BUNDLE_LOADER = "$(TEST_HOST)";
				CODE_SIGN_STYLE = Automatic;
				INFOPLIST_FILE = MarbleSolitaireTests/Info.plist;
				LD_RUNPATH_SEARCH_PATHS = (
					"$(inherited)",
					"@executable_path/Frameworks",
					"@loader_path/Frameworks",
				);
				PRODUCT_BUNDLE_IDENTIFIER = Pereira.MarbleSolitaireTests;
				PRODUCT_NAME = "$(TARGET_NAME)";
				SWIFT_VERSION = 4.2;
				TARGETED_DEVICE_FAMILY = "1,2";
				TEST_HOST = "$(BUILT_PRODUCTS_DIR)/MarbleSolitaire.app/MarbleSolitaire";
			};
			name = Release;
		};
		AA5047A4216EA57F00972AD3 /* Debug */ = {
			isa = XCBuildConfiguration;
			buildSettings = {
				ALWAYS_EMBED_SWIFT_STANDARD_LIBRARIES = YES;
				CODE_SIGN_STYLE = Automatic;
				INFOPLIST_FILE = MarbleSolitaireUITests/Info.plist;
				LD_RUNPATH_SEARCH_PATHS = (
					"$(inherited)",
					"@executable_path/Frameworks",
					"@loader_path/Frameworks",
				);
				PRODUCT_BUNDLE_IDENTIFIER = Pereira.MarbleSolitaireUITests;
				PRODUCT_NAME = "$(TARGET_NAME)";
				SWIFT_VERSION = 4.2;
				TARGETED_DEVICE_FAMILY = "1,2";
				TEST_TARGET_NAME = MarbleSolitaire;
			};
			name = Debug;
		};
		AA5047A5216EA57F00972AD3 /* Release */ = {
			isa = XCBuildConfiguration;
			buildSettings = {
				ALWAYS_EMBED_SWIFT_STANDARD_LIBRARIES = YES;
				CODE_SIGN_STYLE = Automatic;
				INFOPLIST_FILE = MarbleSolitaireUITests/Info.plist;
				LD_RUNPATH_SEARCH_PATHS = (
					"$(inherited)",
					"@executable_path/Frameworks",
					"@loader_path/Frameworks",
				);
				PRODUCT_BUNDLE_IDENTIFIER = Pereira.MarbleSolitaireUITests;
				PRODUCT_NAME = "$(TARGET_NAME)";
				SWIFT_VERSION = 4.2;
				TARGETED_DEVICE_FAMILY = "1,2";
				TEST_TARGET_NAME = MarbleSolitaire;
			};
			name = Release;
		};
/* End XCBuildConfiguration section */

/* Begin XCConfigurationList section */
		AA504770216EA57C00972AD3 /* Build configuration list for PBXProject "MarbleSolitaire" */ = {
			isa = XCConfigurationList;
			buildConfigurations = (
				AA50479B216EA57F00972AD3 /* Debug */,
				AA50479C216EA57F00972AD3 /* Release */,
			);
			defaultConfigurationIsVisible = 0;
			defaultConfigurationName = Release;
		};
		AA50479D216EA57F00972AD3 /* Build configuration list for PBXNativeTarget "MarbleSolitaire" */ = {
			isa = XCConfigurationList;
			buildConfigurations = (
				AA50479E216EA57F00972AD3 /* Debug */,
				AA50479F216EA57F00972AD3 /* Release */,
			);
			defaultConfigurationIsVisible = 0;
			defaultConfigurationName = Release;
		};
		AA5047A0216EA57F00972AD3 /* Build configuration list for PBXNativeTarget "MarbleSolitaireTests" */ = {
			isa = XCConfigurationList;
			buildConfigurations = (
				AA5047A1216EA57F00972AD3 /* Debug */,
				AA5047A2216EA57F00972AD3 /* Release */,
			);
			defaultConfigurationIsVisible = 0;
			defaultConfigurationName = Release;
		};
		AA5047A3216EA57F00972AD3 /* Build configuration list for PBXNativeTarget "MarbleSolitaireUITests" */ = {
			isa = XCConfigurationList;
			buildConfigurations = (
				AA5047A4216EA57F00972AD3 /* Debug */,
				AA5047A5216EA57F00972AD3 /* Release */,
			);
			defaultConfigurationIsVisible = 0;
			defaultConfigurationName = Release;
		};
/* End XCConfigurationList section */
	};
	rootObject = AA50476D216EA57C00972AD3 /* Project object */;
}
